
Microsoft Visual Studio Solution File, Format Version 12.00
# Visual Studio 15
VisualStudioVersion = 15.0.27004.2005
MinimumVisualStudioVersion = 10.0.40219.1
Project("{FAE04EC0-301F-11D3-BF4B-00C04F79EFBC}") = "MyFormsApp.Android", "MyFormsApp\MyFormsApp.Android\MyFormsApp.Android.csproj", "{22AB93EF-20FD-4044-B835-DC0B3EB50E0E}"
EndProject
Project("{FAE04EC0-301F-11D3-BF4B-00C04F79EFBC}") = "MyFormsApp", "MyFormsApp\MyFormsApp\MyFormsApp.csproj", "{120F213C-9AF0-44CD-9DA4-C7EC35C6D406}"
EndProject
Project("{FAE04EC0-301F-11D3-BF4B-00C04F79EFBC}") = "MyFormsApp.UWP", "MyFormsApp\MyFormsApp.UWP\MyFormsApp.UWP.csproj", "{774B294A-DE37-41DA-9BFB-7D134EDF5DFD}"
EndProject
Project("{FAE04EC0-301F-11D3-BF4B-00C04F79EFBC}") = "MyFormsApp.iOS", "MyFormsApp\MyFormsApp.iOS\MyFormsApp.iOS.csproj", "{822956ED-03B4-48C9-90F8-AA1187972358}"
EndProject
Global
	GlobalSection(SolutionConfigurationPlatforms) = preSolution
		Ad-Hoc|Any CPU = Ad-Hoc|Any CPU
		Ad-Hoc|ARM = Ad-Hoc|ARM
		Ad-Hoc|iPhone = Ad-Hoc|iPhone
		Ad-Hoc|iPhoneSimulator = Ad-Hoc|iPhoneSimulator
		Ad-Hoc|x64 = Ad-Hoc|x64
		Ad-Hoc|x86 = Ad-Hoc|x86
		AppStore|Any CPU = AppStore|Any CPU
		AppStore|ARM = AppStore|ARM
		AppStore|iPhone = AppStore|iPhone
		AppStore|iPhoneSimulator = AppStore|iPhoneSimulator
		AppStore|x64 = AppStore|x64
		AppStore|x86 = AppStore|x86
		Debug|Any CPU = Debug|Any CPU
		Debug|ARM = Debug|ARM
		Debug|iPhone = Debug|iPhone
		Debug|iPhoneSimulator = Debug|iPhoneSimulator
		Debug|x64 = Debug|x64
		Debug|x86 = Debug|x86
		Release|Any CPU = Release|Any CPU
		Release|ARM = Release|ARM
		Release|iPhone = Release|iPhone
		Release|iPhoneSimulator = Release|iPhoneSimulator
		Release|x64 = Release|x64
		Release|x86 = Release|x86
	EndGlobalSection
	GlobalSection(ProjectConfigurationPlatforms) = postSolution
		{22AB93EF-20FD-4044-B835-DC0B3EB50E0E}.Ad-Hoc|Any CPU.ActiveCfg = Release|Any CPU
		{22AB93EF-20FD-4044-B835-DC0B3EB50E0E}.Ad-Hoc|Any CPU.Build.0 = Release|Any CPU
		{22AB93EF-20FD-4044-B835-DC0B3EB50E0E}.Ad-Hoc|Any CPU.Deploy.0 = Release|Any CPU
		{22AB93EF-20FD-4044-B835-DC0B3EB50E0E}.Ad-Hoc|ARM.ActiveCfg = Release|Any CPU
		{22AB93EF-20FD-4044-B835-DC0B3EB50E0E}.Ad-Hoc|ARM.Build.0 = Release|Any CPU
		{22AB93EF-20FD-4044-B835-DC0B3EB50E0E}.Ad-Hoc|ARM.Deploy.0 = Release|Any CPU
		{22AB93EF-20FD-4044-B835-DC0B3EB50E0E}.Ad-Hoc|iPhone.ActiveCfg = Release|Any CPU
		{22AB93EF-20FD-4044-B835-DC0B3EB50E0E}.Ad-Hoc|iPhone.Build.0 = Release|Any CPU
		{22AB93EF-20FD-4044-B835-DC0B3EB50E0E}.Ad-Hoc|iPhone.Deploy.0 = Release|Any CPU
		{22AB93EF-20FD-4044-B835-DC0B3EB50E0E}.Ad-Hoc|iPhoneSimulator.ActiveCfg = Release|Any CPU
		{22AB93EF-20FD-4044-B835-DC0B3EB50E0E}.Ad-Hoc|iPhoneSimulator.Build.0 = Release|Any CPU
		{22AB93EF-20FD-4044-B835-DC0B3EB50E0E}.Ad-Hoc|iPhoneSimulator.Deploy.0 = Release|Any CPU
		{22AB93EF-20FD-4044-B835-DC0B3EB50E0E}.Ad-Hoc|x64.ActiveCfg = Release|Any CPU
		{22AB93EF-20FD-4044-B835-DC0B3EB50E0E}.Ad-Hoc|x64.Build.0 = Release|Any CPU
		{22AB93EF-20FD-4044-B835-DC0B3EB50E0E}.Ad-Hoc|x64.Deploy.0 = Release|Any CPU
		{22AB93EF-20FD-4044-B835-DC0B3EB50E0E}.Ad-Hoc|x86.ActiveCfg = Release|Any CPU
		{22AB93EF-20FD-4044-B835-DC0B3EB50E0E}.Ad-Hoc|x86.Build.0 = Release|Any CPU
		{22AB93EF-20FD-4044-B835-DC0B3EB50E0E}.Ad-Hoc|x86.Deploy.0 = Release|Any CPU
		{22AB93EF-20FD-4044-B835-DC0B3EB50E0E}.AppStore|Any CPU.ActiveCfg = Release|Any CPU
		{22AB93EF-20FD-4044-B835-DC0B3EB50E0E}.AppStore|Any CPU.Build.0 = Release|Any CPU
		{22AB93EF-20FD-4044-B835-DC0B3EB50E0E}.AppStore|Any CPU.Deploy.0 = Release|Any CPU
		{22AB93EF-20FD-4044-B835-DC0B3EB50E0E}.AppStore|ARM.ActiveCfg = Release|Any CPU
		{22AB93EF-20FD-4044-B835-DC0B3EB50E0E}.AppStore|ARM.Build.0 = Release|Any CPU
		{22AB93EF-20FD-4044-B835-DC0B3EB50E0E}.AppStore|ARM.Deploy.0 = Release|Any CPU
		{22AB93EF-20FD-4044-B835-DC0B3EB50E0E}.AppStore|iPhone.ActiveCfg = Release|Any CPU
		{22AB93EF-20FD-4044-B835-DC0B3EB50E0E}.AppStore|iPhone.Build.0 = Release|Any CPU
		{22AB93EF-20FD-4044-B835-DC0B3EB50E0E}.AppStore|iPhone.Deploy.0 = Release|Any CPU
		{22AB93EF-20FD-4044-B835-DC0B3EB50E0E}.AppStore|iPhoneSimulator.ActiveCfg = Release|Any CPU
		{22AB93EF-20FD-4044-B835-DC0B3EB50E0E}.AppStore|iPhoneSimulator.Build.0 = Release|Any CPU
		{22AB93EF-20FD-4044-B835-DC0B3EB50E0E}.AppStore|iPhoneSimulator.Deploy.0 = Release|Any CPU
		{22AB93EF-20FD-4044-B835-DC0B3EB50E0E}.AppStore|x64.ActiveCfg = Release|Any CPU
		{22AB93EF-20FD-4044-B835-DC0B3EB50E0E}.AppStore|x64.Build.0 = Release|Any CPU
		{22AB93EF-20FD-4044-B835-DC0B3EB50E0E}.AppStore|x64.Deploy.0 = Release|Any CPU
		{22AB93EF-20FD-4044-B835-DC0B3EB50E0E}.AppStore|x86.ActiveCfg = Release|Any CPU
		{22AB93EF-20FD-4044-B835-DC0B3EB50E0E}.AppStore|x86.Build.0 = Release|Any CPU
		{22AB93EF-20FD-4044-B835-DC0B3EB50E0E}.AppStore|x86.Deploy.0 = Release|Any CPU
		{22AB93EF-20FD-4044-B835-DC0B3EB50E0E}.Debug|Any CPU.ActiveCfg = Debug|Any CPU
		{22AB93EF-20FD-4044-B835-DC0B3EB50E0E}.Debug|Any CPU.Build.0 = Debug|Any CPU
		{22AB93EF-20FD-4044-B835-DC0B3EB50E0E}.Debug|Any CPU.Deploy.0 = Debug|Any CPU
		{22AB93EF-20FD-4044-B835-DC0B3EB50E0E}.Debug|ARM.ActiveCfg = Debug|Any CPU
		{22AB93EF-20FD-4044-B835-DC0B3EB50E0E}.Debug|ARM.Build.0 = Debug|Any CPU
		{22AB93EF-20FD-4044-B835-DC0B3EB50E0E}.Debug|ARM.Deploy.0 = Debug|Any CPU
		{22AB93EF-20FD-4044-B835-DC0B3EB50E0E}.Debug|iPhone.ActiveCfg = Debug|Any CPU
		{22AB93EF-20FD-4044-B835-DC0B3EB50E0E}.Debug|iPhone.Build.0 = Debug|Any CPU
		{22AB93EF-20FD-4044-B835-DC0B3EB50E0E}.Debug|iPhone.Deploy.0 = Debug|Any CPU
		{22AB93EF-20FD-4044-B835-DC0B3EB50E0E}.Debug|iPhoneSimulator.ActiveCfg = Debug|Any CPU
		{22AB93EF-20FD-4044-B835-DC0B3EB50E0E}.Debug|iPhoneSimulator.Build.0 = Debug|Any CPU
		{22AB93EF-20FD-4044-B835-DC0B3EB50E0E}.Debug|iPhoneSimulator.Deploy.0 = Debug|Any CPU
		{22AB93EF-20FD-4044-B835-DC0B3EB50E0E}.Debug|x64.ActiveCfg = Debug|Any CPU
		{22AB93EF-20FD-4044-B835-DC0B3EB50E0E}.Debug|x64.Build.0 = Debug|Any CPU
		{22AB93EF-20FD-4044-B835-DC0B3EB50E0E}.Debug|x64.Deploy.0 = Debug|Any CPU
		{22AB93EF-20FD-4044-B835-DC0B3EB50E0E}.Debug|x86.ActiveCfg = Debug|Any CPU
		{22AB93EF-20FD-4044-B835-DC0B3EB50E0E}.Debug|x86.Build.0 = Debug|Any CPU
		{22AB93EF-20FD-4044-B835-DC0B3EB50E0E}.Debug|x86.Deploy.0 = Debug|Any CPU
		{22AB93EF-20FD-4044-B835-DC0B3EB50E0E}.Release|Any CPU.ActiveCfg = Release|Any CPU
		{22AB93EF-20FD-4044-B835-DC0B3EB50E0E}.Release|Any CPU.Build.0 = Release|Any CPU
		{22AB93EF-20FD-4044-B835-DC0B3EB50E0E}.Release|Any CPU.Deploy.0 = Release|Any CPU
		{22AB93EF-20FD-4044-B835-DC0B3EB50E0E}.Release|ARM.ActiveCfg = Release|Any CPU
		{22AB93EF-20FD-4044-B835-DC0B3EB50E0E}.Release|ARM.Build.0 = Release|Any CPU
		{22AB93EF-20FD-4044-B835-DC0B3EB50E0E}.Release|ARM.Deploy.0 = Release|Any CPU
		{22AB93EF-20FD-4044-B835-DC0B3EB50E0E}.Release|iPhone.ActiveCfg = Release|Any CPU
		{22AB93EF-20FD-4044-B835-DC0B3EB50E0E}.Release|iPhone.Build.0 = Release|Any CPU
		{22AB93EF-20FD-4044-B835-DC0B3EB50E0E}.Release|iPhone.Deploy.0 = Release|Any CPU
		{22AB93EF-20FD-4044-B835-DC0B3EB50E0E}.Release|iPhoneSimulator.ActiveCfg = Release|Any CPU
		{22AB93EF-20FD-4044-B835-DC0B3EB50E0E}.Release|iPhoneSimulator.Build.0 = Release|Any CPU
		{22AB93EF-20FD-4044-B835-DC0B3EB50E0E}.Release|iPhoneSimulator.Deploy.0 = Release|Any CPU
		{22AB93EF-20FD-4044-B835-DC0B3EB50E0E}.Release|x64.ActiveCfg = Release|Any CPU
		{22AB93EF-20FD-4044-B835-DC0B3EB50E0E}.Release|x64.Build.0 = Release|Any CPU
		{22AB93EF-20FD-4044-B835-DC0B3EB50E0E}.Release|x64.Deploy.0 = Release|Any CPU
		{22AB93EF-20FD-4044-B835-DC0B3EB50E0E}.Release|x86.ActiveCfg = Release|Any CPU
		{22AB93EF-20FD-4044-B835-DC0B3EB50E0E}.Release|x86.Build.0 = Release|Any CPU
		{22AB93EF-20FD-4044-B835-DC0B3EB50E0E}.Release|x86.Deploy.0 = Release|Any CPU
		{120F213C-9AF0-44CD-9DA4-C7EC35C6D406}.Ad-Hoc|Any CPU.ActiveCfg = Release|Any CPU
		{120F213C-9AF0-44CD-9DA4-C7EC35C6D406}.Ad-Hoc|Any CPU.Build.0 = Release|Any CPU
		{120F213C-9AF0-44CD-9DA4-C7EC35C6D406}.Ad-Hoc|ARM.ActiveCfg = Release|Any CPU
		{120F213C-9AF0-44CD-9DA4-C7EC35C6D406}.Ad-Hoc|ARM.Build.0 = Release|Any CPU
		{120F213C-9AF0-44CD-9DA4-C7EC35C6D406}.Ad-Hoc|iPhone.ActiveCfg = Release|Any CPU
		{120F213C-9AF0-44CD-9DA4-C7EC35C6D406}.Ad-Hoc|iPhone.Build.0 = Release|Any CPU
		{120F213C-9AF0-44CD-9DA4-C7EC35C6D406}.Ad-Hoc|iPhoneSimulator.ActiveCfg = Release|Any CPU
		{120F213C-9AF0-44CD-9DA4-C7EC35C6D406}.Ad-Hoc|iPhoneSimulator.Build.0 = Release|Any CPU
		{120F213C-9AF0-44CD-9DA4-C7EC35C6D406}.Ad-Hoc|x64.ActiveCfg = Release|Any CPU
		{120F213C-9AF0-44CD-9DA4-C7EC35C6D406}.Ad-Hoc|x64.Build.0 = Release|Any CPU
		{120F213C-9AF0-44CD-9DA4-C7EC35C6D406}.Ad-Hoc|x86.ActiveCfg = Release|Any CPU
		{120F213C-9AF0-44CD-9DA4-C7EC35C6D406}.Ad-Hoc|x86.Build.0 = Release|Any CPU
		{120F213C-9AF0-44CD-9DA4-C7EC35C6D406}.AppStore|Any CPU.ActiveCfg = Release|Any CPU
		{120F213C-9AF0-44CD-9DA4-C7EC35C6D406}.AppStore|Any CPU.Build.0 = Release|Any CPU
		{120F213C-9AF0-44CD-9DA4-C7EC35C6D406}.AppStore|ARM.ActiveCfg = Release|Any CPU
		{120F213C-9AF0-44CD-9DA4-C7EC35C6D406}.AppStore|ARM.Build.0 = Release|Any CPU
		{120F213C-9AF0-44CD-9DA4-C7EC35C6D406}.AppStore|iPhone.ActiveCfg = Release|Any CPU
		{120F213C-9AF0-44CD-9DA4-C7EC35C6D406}.AppStore|iPhone.Build.0 = Release|Any CPU
		{120F213C-9AF0-44CD-9DA4-C7EC35C6D406}.AppStore|iPhoneSimulator.ActiveCfg = Release|Any CPU
		{120F213C-9AF0-44CD-9DA4-C7EC35C6D406}.AppStore|iPhoneSimulator.Build.0 = Release|Any CPU
		{120F213C-9AF0-44CD-9DA4-C7EC35C6D406}.AppStore|x64.ActiveCfg = Release|Any CPU
		{120F213C-9AF0-44CD-9DA4-C7EC35C6D406}.AppStore|x64.Build.0 = Release|Any CPU
		{120F213C-9AF0-44CD-9DA4-C7EC35C6D406}.AppStore|x86.ActiveCfg = Release|Any CPU
		{120F213C-9AF0-44CD-9DA4-C7EC35C6D406}.AppStore|x86.Build.0 = Release|Any CPU
		{120F213C-9AF0-44CD-9DA4-C7EC35C6D406}.Debug|Any CPU.ActiveCfg = Debug|Any CPU
		{120F213C-9AF0-44CD-9DA4-C7EC35C6D406}.Debug|Any CPU.Build.0 = Debug|Any CPU
		{120F213C-9AF0-44CD-9DA4-C7EC35C6D406}.Debug|ARM.ActiveCfg = Debug|Any CPU
		{120F213C-9AF0-44CD-9DA4-C7EC35C6D406}.Debug|ARM.Build.0 = Debug|Any CPU
		{120F213C-9AF0-44CD-9DA4-C7EC35C6D406}.Debug|iPhone.ActiveCfg = Debug|Any CPU
		{120F213C-9AF0-44CD-9DA4-C7EC35C6D406}.Debug|iPhone.Build.0 = Debug|Any CPU
		{120F213C-9AF0-44CD-9DA4-C7EC35C6D406}.Debug|iPhoneSimulator.ActiveCfg = Debug|Any CPU
		{120F213C-9AF0-44CD-9DA4-C7EC35C6D406}.Debug|iPhoneSimulator.Build.0 = Debug|Any CPU
		{120F213C-9AF0-44CD-9DA4-C7EC35C6D406}.Debug|x64.ActiveCfg = Debug|Any CPU
		{120F213C-9AF0-44CD-9DA4-C7EC35C6D406}.Debug|x64.Build.0 = Debug|Any CPU
		{120F213C-9AF0-44CD-9DA4-C7EC35C6D406}.Debug|x86.ActiveCfg = Debug|Any CPU
		{120F213C-9AF0-44CD-9DA4-C7EC35C6D406}.Debug|x86.Build.0 = Debug|Any CPU
		{120F213C-9AF0-44CD-9DA4-C7EC35C6D406}.Release|Any CPU.ActiveCfg = Release|Any CPU
		{120F213C-9AF0-44CD-9DA4-C7EC35C6D406}.Release|Any CPU.Build.0 = Release|Any CPU
		{120F213C-9AF0-44CD-9DA4-C7EC35C6D406}.Release|ARM.ActiveCfg = Release|Any CPU
		{120F213C-9AF0-44CD-9DA4-C7EC35C6D406}.Release|ARM.Build.0 = Release|Any CPU
		{120F213C-9AF0-44CD-9DA4-C7EC35C6D406}.Release|iPhone.ActiveCfg = Release|Any CPU
		{120F213C-9AF0-44CD-9DA4-C7EC35C6D406}.Release|iPhone.Build.0 = Release|Any CPU
		{120F213C-9AF0-44CD-9DA4-C7EC35C6D406}.Release|iPhoneSimulator.ActiveCfg = Release|Any CPU
		{120F213C-9AF0-44CD-9DA4-C7EC35C6D406}.Release|iPhoneSimulator.Build.0 = Release|Any CPU
		{120F213C-9AF0-44CD-9DA4-C7EC35C6D406}.Release|x64.ActiveCfg = Release|Any CPU
		{120F213C-9AF0-44CD-9DA4-C7EC35C6D406}.Release|x64.Build.0 = Release|Any CPU
		{120F213C-9AF0-44CD-9DA4-C7EC35C6D406}.Release|x86.ActiveCfg = Release|Any CPU
		{120F213C-9AF0-44CD-9DA4-C7EC35C6D406}.Release|x86.Build.0 = Release|Any CPU
		{774B294A-DE37-41DA-9BFB-7D134EDF5DFD}.Ad-Hoc|Any CPU.ActiveCfg = Release|x86
		{774B294A-DE37-41DA-9BFB-7D134EDF5DFD}.Ad-Hoc|Any CPU.Build.0 = Release|x86
		{774B294A-DE37-41DA-9BFB-7D134EDF5DFD}.Ad-Hoc|Any CPU.Deploy.0 = Release|x86
		{774B294A-DE37-41DA-9BFB-7D134EDF5DFD}.Ad-Hoc|ARM.ActiveCfg = Release|ARM
		{774B294A-DE37-41DA-9BFB-7D134EDF5DFD}.Ad-Hoc|ARM.Build.0 = Release|ARM
		{774B294A-DE37-41DA-9BFB-7D134EDF5DFD}.Ad-Hoc|ARM.Deploy.0 = Release|ARM
		{774B294A-DE37-41DA-9BFB-7D134EDF5DFD}.Ad-Hoc|iPhone.ActiveCfg = Release|x86
		{774B294A-DE37-41DA-9BFB-7D134EDF5DFD}.Ad-Hoc|iPhone.Build.0 = Release|x86
		{774B294A-DE37-41DA-9BFB-7D134EDF5DFD}.Ad-Hoc|iPhone.Deploy.0 = Release|x86
		{774B294A-DE37-41DA-9BFB-7D134EDF5DFD}.Ad-Hoc|iPhoneSimulator.ActiveCfg = Release|x86
		{774B294A-DE37-41DA-9BFB-7D134EDF5DFD}.Ad-Hoc|iPhoneSimulator.Build.0 = Release|x86
		{774B294A-DE37-41DA-9BFB-7D134EDF5DFD}.Ad-Hoc|iPhoneSimulator.Deploy.0 = Release|x86
		{774B294A-DE37-41DA-9BFB-7D134EDF5DFD}.Ad-Hoc|x64.ActiveCfg = Release|x64
		{774B294A-DE37-41DA-9BFB-7D134EDF5DFD}.Ad-Hoc|x64.Build.0 = Release|x64
		{774B294A-DE37-41DA-9BFB-7D134EDF5DFD}.Ad-Hoc|x64.Deploy.0 = Release|x64
		{774B294A-DE37-41DA-9BFB-7D134EDF5DFD}.Ad-Hoc|x86.ActiveCfg = Release|x86
		{774B294A-DE37-41DA-9BFB-7D134EDF5DFD}.Ad-Hoc|x86.Build.0 = Release|x86
		{774B294A-DE37-41DA-9BFB-7D134EDF5DFD}.Ad-Hoc|x86.Deploy.0 = Release|x86
		{774B294A-DE37-41DA-9BFB-7D134EDF5DFD}.AppStore|Any CPU.ActiveCfg = Release|x86
		{774B294A-DE37-41DA-9BFB-7D134EDF5DFD}.AppStore|Any CPU.Build.0 = Release|x86
		{774B294A-DE37-41DA-9BFB-7D134EDF5DFD}.AppStore|Any CPU.Deploy.0 = Release|x86
		{774B294A-DE37-41DA-9BFB-7D134EDF5DFD}.AppStore|ARM.ActiveCfg = Release|ARM
		{774B294A-DE37-41DA-9BFB-7D134EDF5DFD}.AppStore|ARM.Build.0 = Release|ARM
		{774B294A-DE37-41DA-9BFB-7D134EDF5DFD}.AppStore|ARM.Deploy.0 = Release|ARM
		{774B294A-DE37-41DA-9BFB-7D134EDF5DFD}.AppStore|iPhone.ActiveCfg = Release|x86
		{774B294A-DE37-41DA-9BFB-7D134EDF5DFD}.AppStore|iPhone.Build.0 = Release|x86
		{774B294A-DE37-41DA-9BFB-7D134EDF5DFD}.AppStore|iPhone.Deploy.0 = Release|x86
		{774B294A-DE37-41DA-9BFB-7D134EDF5DFD}.AppStore|iPhoneSimulator.ActiveCfg = Release|x86
		{774B294A-DE37-41DA-9BFB-7D134EDF5DFD}.AppStore|iPhoneSimulator.Build.0 = Release|x86
		{774B294A-DE37-41DA-9BFB-7D134EDF5DFD}.AppStore|iPhoneSimulator.Deploy.0 = Release|x86
		{774B294A-DE37-41DA-9BFB-7D134EDF5DFD}.AppStore|x64.ActiveCfg = Release|x64
		{774B294A-DE37-41DA-9BFB-7D134EDF5DFD}.AppStore|x64.Build.0 = Release|x64
		{774B294A-DE37-41DA-9BFB-7D134EDF5DFD}.AppStore|x64.Deploy.0 = Release|x64
		{774B294A-DE37-41DA-9BFB-7D134EDF5DFD}.AppStore|x86.ActiveCfg = Release|x86
		{774B294A-DE37-41DA-9BFB-7D134EDF5DFD}.AppStore|x86.Build.0 = Release|x86
		{774B294A-DE37-41DA-9BFB-7D134EDF5DFD}.AppStore|x86.Deploy.0 = Release|x86
		{774B294A-DE37-41DA-9BFB-7D134EDF5DFD}.Debug|Any CPU.ActiveCfg = Debug|x86
		{774B294A-DE37-41DA-9BFB-7D134EDF5DFD}.Debug|ARM.ActiveCfg = Debug|ARM
		{774B294A-DE37-41DA-9BFB-7D134EDF5DFD}.Debug|ARM.Build.0 = Debug|ARM
		{774B294A-DE37-41DA-9BFB-7D134EDF5DFD}.Debug|ARM.Deploy.0 = Debug|ARM
		{774B294A-DE37-41DA-9BFB-7D134EDF5DFD}.Debug|iPhone.ActiveCfg = Debug|x86
		{774B294A-DE37-41DA-9BFB-7D134EDF5DFD}.Debug|iPhoneSimulator.ActiveCfg = Debug|x86
		{774B294A-DE37-41DA-9BFB-7D134EDF5DFD}.Debug|x64.ActiveCfg = Debug|x64
		{774B294A-DE37-41DA-9BFB-7D134EDF5DFD}.Debug|x64.Build.0 = Debug|x64
		{774B294A-DE37-41DA-9BFB-7D134EDF5DFD}.Debug|x64.Deploy.0 = Debug|x64
		{774B294A-DE37-41DA-9BFB-7D134EDF5DFD}.Debug|x86.ActiveCfg = Debug|x86
		{774B294A-DE37-41DA-9BFB-7D134EDF5DFD}.Debug|x86.Build.0 = Debug|x86
		{774B294A-DE37-41DA-9BFB-7D134EDF5DFD}.Debug|x86.Deploy.0 = Debug|x86
		{774B294A-DE37-41DA-9BFB-7D134EDF5DFD}.Release|Any CPU.ActiveCfg = Release|x86
		{774B294A-DE37-41DA-9BFB-7D134EDF5DFD}.Release|ARM.ActiveCfg = Release|ARM
		{774B294A-DE37-41DA-9BFB-7D134EDF5DFD}.Release|ARM.Build.0 = Release|ARM
		{774B294A-DE37-41DA-9BFB-7D134EDF5DFD}.Release|ARM.Deploy.0 = Release|ARM
		{774B294A-DE37-41DA-9BFB-7D134EDF5DFD}.Release|iPhone.ActiveCfg = Release|x86
		{774B294A-DE37-41DA-9BFB-7D134EDF5DFD}.Release|iPhoneSimulator.ActiveCfg = Release|x86
		{774B294A-DE37-41DA-9BFB-7D134EDF5DFD}.Release|x64.ActiveCfg = Release|x64
		{774B294A-DE37-41DA-9BFB-7D134EDF5DFD}.Release|x64.Build.0 = Release|x64
		{774B294A-DE37-41DA-9BFB-7D134EDF5DFD}.Release|x64.Deploy.0 = Release|x64
		{774B294A-DE37-41DA-9BFB-7D134EDF5DFD}.Release|x86.ActiveCfg = Release|x86
		{774B294A-DE37-41DA-9BFB-7D134EDF5DFD}.Release|x86.Build.0 = Release|x86
		{774B294A-DE37-41DA-9BFB-7D134EDF5DFD}.Release|x86.Deploy.0 = Release|x86
		{822956ED-03B4-48C9-90F8-AA1187972358}.Ad-Hoc|Any CPU.ActiveCfg = Ad-Hoc|iPhoneSimulator
		{822956ED-03B4-48C9-90F8-AA1187972358}.Ad-Hoc|ARM.ActiveCfg = Ad-Hoc|iPhone
		{822956ED-03B4-48C9-90F8-AA1187972358}.Ad-Hoc|iPhone.ActiveCfg = Ad-Hoc|iPhone
		{822956ED-03B4-48C9-90F8-AA1187972358}.Ad-Hoc|iPhone.Build.0 = Ad-Hoc|iPhone
		{822956ED-03B4-48C9-90F8-AA1187972358}.Ad-Hoc|iPhoneSimulator.ActiveCfg = Ad-Hoc|iPhoneSimulator
		{822956ED-03B4-48C9-90F8-AA1187972358}.Ad-Hoc|iPhoneSimulator.Build.0 = Ad-Hoc|iPhoneSimulator
		{822956ED-03B4-48C9-90F8-AA1187972358}.Ad-Hoc|x64.ActiveCfg = Ad-Hoc|iPhone
		{822956ED-03B4-48C9-90F8-AA1187972358}.Ad-Hoc|x86.ActiveCfg = Ad-Hoc|iPhone
		{822956ED-03B4-48C9-90F8-AA1187972358}.AppStore|Any CPU.ActiveCfg = AppStore|iPhoneSimulator
		{822956ED-03B4-48C9-90F8-AA1187972358}.AppStore|ARM.ActiveCfg = AppStore|iPhone
		{822956ED-03B4-48C9-90F8-AA1187972358}.AppStore|iPhone.ActiveCfg = AppStore|iPhone
		{822956ED-03B4-48C9-90F8-AA1187972358}.AppStore|iPhone.Build.0 = AppStore|iPhone
		{822956ED-03B4-48C9-90F8-AA1187972358}.AppStore|iPhoneSimulator.ActiveCfg = AppStore|iPhoneSimulator
		{822956ED-03B4-48C9-90F8-AA1187972358}.AppStore|iPhoneSimulator.Build.0 = AppStore|iPhoneSimulator
		{822956ED-03B4-48C9-90F8-AA1187972358}.AppStore|x64.ActiveCfg = AppStore|iPhone
		{822956ED-03B4-48C9-90F8-AA1187972358}.AppStore|x86.ActiveCfg = AppStore|iPhone
		{822956ED-03B4-48C9-90F8-AA1187972358}.Debug|Any CPU.ActiveCfg = Debug|iPhoneSimulator
		{822956ED-03B4-48C9-90F8-AA1187972358}.Debug|ARM.ActiveCfg = Debug|iPhone
		{822956ED-03B4-48C9-90F8-AA1187972358}.Debug|iPhone.ActiveCfg = Debug|iPhone
		{822956ED-03B4-48C9-90F8-AA1187972358}.Debug|iPhone.Build.0 = Debug|iPhone
		{822956ED-03B4-48C9-90F8-AA1187972358}.Debug|iPhoneSimulator.ActiveCfg = Debug|iPhoneSimulator
		{822956ED-03B4-48C9-90F8-AA1187972358}.Debug|iPhoneSimulator.Build.0 = Debug|iPhoneSimulator
		{822956ED-03B4-48C9-90F8-AA1187972358}.Debug|x64.ActiveCfg = Debug|iPhone
		{822956ED-03B4-48C9-90F8-AA1187972358}.Debug|x86.ActiveCfg = Debug|iPhone
		{822956ED-03B4-48C9-90F8-AA1187972358}.Release|Any CPU.ActiveCfg = Release|iPhoneSimulator
		{822956ED-03B4-48C9-90F8-AA1187972358}.Release|ARM.ActiveCfg = Release|iPhone
		{822956ED-03B4-48C9-90F8-AA1187972358}.Release|iPhone.ActiveCfg = Release|iPhone
		{822956ED-03B4-48C9-90F8-AA1187972358}.Release|iPhone.Build.0 = Release|iPhone
		{822956ED-03B4-48C9-90F8-AA1187972358}.Release|iPhoneSimulator.ActiveCfg = Release|iPhoneSimulator
		{822956ED-03B4-48C9-90F8-AA1187972358}.Release|iPhoneSimulator.Build.0 = Release|iPhoneSimulator
		{822956ED-03B4-48C9-90F8-AA1187972358}.Release|x64.ActiveCfg = Release|iPhone
		{822956ED-03B4-48C9-90F8-AA1187972358}.Release|x86.ActiveCfg = Release|iPhone
	EndGlobalSection
	GlobalSection(SolutionProperties) = preSolution
		HideSolutionNode = FALSE
	EndGlobalSection
	GlobalSection(ExtensibilityGlobals) = postSolution
		SolutionGuid = {C8C7D18A-328D-43CB-BE10-6680F9DDE738}
	EndGlobalSection
EndGlobal
